
Microsoft Visual Studio Solution File, Format Version 12.00
# Visual Studio Version 16
VisualStudioVersion = 16.0.32228.343
MinimumVisualStudioVersion = 10.0.40219.1
Project("{FAE04EC0-301F-11D3-BF4B-00C04F79EFBC}") = "Calculator", "Calculator\Calculator.csproj", "{6722FEFB-0FFE-4F25-A07A-6FEA84BC3496}"
EndProject
Project("{FAE04EC0-301F-11D3-BF4B-00C04F79EFBC}") = "Operators", "Operators\Operators.csproj", "{CD2FEC4B-CFB7-4FCB-A4A1-BB6F48B8A62F}"
EndProject
Global
	GlobalSection(SolutionConfigurationPlatforms) = preSolution
		Debug|Any CPU = Debug|Any CPU
		Release|Any CPU = Release|Any CPU
	EndGlobalSection
	GlobalSection(ProjectConfigurationPlatforms) = postSolution
		{6722FEFB-0FFE-4F25-A07A-6FEA84BC3496}.Debug|Any CPU.ActiveCfg = Debug|Any CPU
		{6722FEFB-0FFE-4F25-A07A-6FEA84BC3496}.Debug|Any CPU.Build.0 = Debug|Any CPU
		{6722FEFB-0FFE-4F25-A07A-6FEA84BC3496}.Release|Any CPU.ActiveCfg = Release|Any CPU
		{6722FEFB-0FFE-4F25-A07A-6FEA84BC3496}.Release|Any CPU.Build.0 = Release|Any CPU
		{CD2FEC4B-CFB7-4FCB-A4A1-BB6F48B8A62F}.Debug|Any CPU.ActiveCfg = Debug|Any CPU
		{CD2FEC4B-CFB7-4FCB-A4A1-BB6F48B8A62F}.Debug|Any CPU.Build.0 = Debug|Any CPU
		{CD2FEC4B-CFB7-4FCB-A4A1-BB6F48B8A62F}.Release|Any CPU.ActiveCfg = Release|Any CPU
		{CD2FEC4B-CFB7-4FCB-A4A1-BB6F48B8A62F}.Release|Any CPU.Build.0 = Release|Any CPU
	EndGlobalSection
	GlobalSection(SolutionProperties) = preSolution
		HideSolutionNode = FALSE
	EndGlobalSection
	GlobalSection(ExtensibilityGlobals) = postSolution
		SolutionGuid = {993A9382-4D7C-4FDF-92D8-8FC67670614E}
	EndGlobalSection
EndGlobal
