
Microsoft Visual Studio Solution File, Format Version 12.00
# Visual Studio Version 16
VisualStudioVersion = 16.0.32228.343
MinimumVisualStudioVersion = 10.0.40219.1
Project("{9A19103F-16F7-4668-BE54-9A1E7A4F7556}") = "ScrumBoard", "ScrumBoard\ScrumBoard.csproj", "{F5188EDD-5822-4E74-8E39-68678467B2AD}"
EndProject
Project("{9A19103F-16F7-4668-BE54-9A1E7A4F7556}") = "ScrumBoardLibrary", "ScrumBoardLibrary\ScrumBoardLibrary.csproj", "{995088C2-FD83-43B9-8F6D-C54F49F7DA9F}"
EndProject
Project("{FAE04EC0-301F-11D3-BF4B-00C04F79EFBC}") = "ScrumBoardTests", "ScrumBoardTests\ScrumBoardTests.csproj", "{5236B2E7-3A3B-465D-AF43-8357C988B70A}"
EndProject
Global
	GlobalSection(SolutionConfigurationPlatforms) = preSolution
		Debug|Any CPU = Debug|Any CPU
		Release|Any CPU = Release|Any CPU
	EndGlobalSection
	GlobalSection(ProjectConfigurationPlatforms) = postSolution
		{F5188EDD-5822-4E74-8E39-68678467B2AD}.Debug|Any CPU.ActiveCfg = Debug|Any CPU
		{F5188EDD-5822-4E74-8E39-68678467B2AD}.Debug|Any CPU.Build.0 = Debug|Any CPU
		{F5188EDD-5822-4E74-8E39-68678467B2AD}.Release|Any CPU.ActiveCfg = Release|Any CPU
		{F5188EDD-5822-4E74-8E39-68678467B2AD}.Release|Any CPU.Build.0 = Release|Any CPU
		{995088C2-FD83-43B9-8F6D-C54F49F7DA9F}.Debug|Any CPU.ActiveCfg = Debug|Any CPU
		{995088C2-FD83-43B9-8F6D-C54F49F7DA9F}.Debug|Any CPU.Build.0 = Debug|Any CPU
		{995088C2-FD83-43B9-8F6D-C54F49F7DA9F}.Release|Any CPU.ActiveCfg = Release|Any CPU
		{995088C2-FD83-43B9-8F6D-C54F49F7DA9F}.Release|Any CPU.Build.0 = Release|Any CPU
		{5236B2E7-3A3B-465D-AF43-8357C988B70A}.Debug|Any CPU.ActiveCfg = Debug|Any CPU
		{5236B2E7-3A3B-465D-AF43-8357C988B70A}.Debug|Any CPU.Build.0 = Debug|Any CPU
		{5236B2E7-3A3B-465D-AF43-8357C988B70A}.Release|Any CPU.ActiveCfg = Release|Any CPU
		{5236B2E7-3A3B-465D-AF43-8357C988B70A}.Release|Any CPU.Build.0 = Release|Any CPU
	EndGlobalSection
	GlobalSection(SolutionProperties) = preSolution
		HideSolutionNode = FALSE
	EndGlobalSection
	GlobalSection(ExtensibilityGlobals) = postSolution
		SolutionGuid = {9C6E7965-B7B6-4D07-AF37-27AF6B0FE2D4}
	EndGlobalSection
EndGlobal
